
Microsoft Visual Studio Solution File, Format Version 12.00
# Visual Studio 2013
VisualStudioVersion = 12.0.21005.1
MinimumVisualStudioVersion = 10.0.40219.1
Project("{FAE04EC0-301F-11D3-BF4B-00C04F79EFBC}") = "AyD_Examen2", "AyD_Examen2\AyD_Examen2.csproj", "{6135FF63-3F1B-4918-B5B1-B66C9915ED82}"
EndProject
Project("{FAE04EC0-301F-11D3-BF4B-00C04F79EFBC}") = "UnitTests", "UnitTests\UnitTests.csproj", "{9E4FD86F-448D-4FA2-BF36-BCF08FFBBA49}"
EndProject
Global
	GlobalSection(SolutionConfigurationPlatforms) = preSolution
		Debug|Any CPU = Debug|Any CPU
		Release|Any CPU = Release|Any CPU
	EndGlobalSection
	GlobalSection(ProjectConfigurationPlatforms) = postSolution
		{6135FF63-3F1B-4918-B5B1-B66C9915ED82}.Debug|Any CPU.ActiveCfg = Debug|Any CPU
		{6135FF63-3F1B-4918-B5B1-B66C9915ED82}.Debug|Any CPU.Build.0 = Debug|Any CPU
		{6135FF63-3F1B-4918-B5B1-B66C9915ED82}.Release|Any CPU.ActiveCfg = Release|Any CPU
		{6135FF63-3F1B-4918-B5B1-B66C9915ED82}.Release|Any CPU.Build.0 = Release|Any CPU
		{9E4FD86F-448D-4FA2-BF36-BCF08FFBBA49}.Debug|Any CPU.ActiveCfg = Debug|Any CPU
		{9E4FD86F-448D-4FA2-BF36-BCF08FFBBA49}.Debug|Any CPU.Build.0 = Debug|Any CPU
		{9E4FD86F-448D-4FA2-BF36-BCF08FFBBA49}.Release|Any CPU.ActiveCfg = Release|Any CPU
		{9E4FD86F-448D-4FA2-BF36-BCF08FFBBA49}.Release|Any CPU.Build.0 = Release|Any CPU
	EndGlobalSection
	GlobalSection(SolutionProperties) = preSolution
		HideSolutionNode = FALSE
	EndGlobalSection
EndGlobal
